
Microsoft Visual Studio Solution File, Format Version 12.00
# Visual Studio Version 16
VisualStudioVersion = 16.0.29806.167
MinimumVisualStudioVersion = 10.0.40219.1
Project("{FAE04EC0-301F-11D3-BF4B-00C04F79EFBC}") = "EFL_Xamarin.Android", "EFL_Xamarin\EFL_Xamarin.Android\EFL_Xamarin.Android.csproj", "{D64F1D71-642E-4B26-8D9C-DA36FD911DE8}"
EndProject
Project("{FAE04EC0-301F-11D3-BF4B-00C04F79EFBC}") = "EFL_Xamarin.iOS", "EFL_Xamarin\EFL_Xamarin.iOS\EFL_Xamarin.iOS.csproj", "{A75DA362-4F4F-4B8B-987E-9E6CB830A29F}"
EndProject
Project("{FAE04EC0-301F-11D3-BF4B-00C04F79EFBC}") = "EFL_Xamarin", "EFL_Xamarin\EFL_Xamarin\EFL_Xamarin.csproj", "{5735BDA2-0FA5-4C3B-943D-A64DE49AFAF0}"
EndProject
Global
	GlobalSection(SolutionConfigurationPlatforms) = preSolution
		Debug|Any CPU = Debug|Any CPU
		Debug|iPhone = Debug|iPhone
		Debug|iPhoneSimulator = Debug|iPhoneSimulator
		Release|Any CPU = Release|Any CPU
		Release|iPhone = Release|iPhone
		Release|iPhoneSimulator = Release|iPhoneSimulator
	EndGlobalSection
	GlobalSection(ProjectConfigurationPlatforms) = postSolution
		{D64F1D71-642E-4B26-8D9C-DA36FD911DE8}.Debug|Any CPU.ActiveCfg = Debug|Any CPU
		{D64F1D71-642E-4B26-8D9C-DA36FD911DE8}.Debug|Any CPU.Build.0 = Debug|Any CPU
		{D64F1D71-642E-4B26-8D9C-DA36FD911DE8}.Debug|Any CPU.Deploy.0 = Debug|Any CPU
		{D64F1D71-642E-4B26-8D9C-DA36FD911DE8}.Debug|iPhone.ActiveCfg = Debug|Any CPU
		{D64F1D71-642E-4B26-8D9C-DA36FD911DE8}.Debug|iPhone.Build.0 = Debug|Any CPU
		{D64F1D71-642E-4B26-8D9C-DA36FD911DE8}.Debug|iPhone.Deploy.0 = Debug|Any CPU
		{D64F1D71-642E-4B26-8D9C-DA36FD911DE8}.Debug|iPhoneSimulator.ActiveCfg = Debug|Any CPU
		{D64F1D71-642E-4B26-8D9C-DA36FD911DE8}.Debug|iPhoneSimulator.Build.0 = Debug|Any CPU
		{D64F1D71-642E-4B26-8D9C-DA36FD911DE8}.Debug|iPhoneSimulator.Deploy.0 = Debug|Any CPU
		{D64F1D71-642E-4B26-8D9C-DA36FD911DE8}.Release|Any CPU.ActiveCfg = Release|Any CPU
		{D64F1D71-642E-4B26-8D9C-DA36FD911DE8}.Release|Any CPU.Build.0 = Release|Any CPU
		{D64F1D71-642E-4B26-8D9C-DA36FD911DE8}.Release|Any CPU.Deploy.0 = Release|Any CPU
		{D64F1D71-642E-4B26-8D9C-DA36FD911DE8}.Release|iPhone.ActiveCfg = Release|Any CPU
		{D64F1D71-642E-4B26-8D9C-DA36FD911DE8}.Release|iPhone.Build.0 = Release|Any CPU
		{D64F1D71-642E-4B26-8D9C-DA36FD911DE8}.Release|iPhone.Deploy.0 = Release|Any CPU
		{D64F1D71-642E-4B26-8D9C-DA36FD911DE8}.Release|iPhoneSimulator.ActiveCfg = Release|Any CPU
		{D64F1D71-642E-4B26-8D9C-DA36FD911DE8}.Release|iPhoneSimulator.Build.0 = Release|Any CPU
		{D64F1D71-642E-4B26-8D9C-DA36FD911DE8}.Release|iPhoneSimulator.Deploy.0 = Release|Any CPU
		{A75DA362-4F4F-4B8B-987E-9E6CB830A29F}.Debug|Any CPU.ActiveCfg = Debug|iPhoneSimulator
		{A75DA362-4F4F-4B8B-987E-9E6CB830A29F}.Debug|Any CPU.Build.0 = Debug|iPhoneSimulator
		{A75DA362-4F4F-4B8B-987E-9E6CB830A29F}.Debug|Any CPU.Deploy.0 = Debug|iPhoneSimulator
		{A75DA362-4F4F-4B8B-987E-9E6CB830A29F}.Debug|iPhone.ActiveCfg = Debug|iPhone
		{A75DA362-4F4F-4B8B-987E-9E6CB830A29F}.Debug|iPhone.Build.0 = Debug|iPhone
		{A75DA362-4F4F-4B8B-987E-9E6CB830A29F}.Debug|iPhone.Deploy.0 = Debug|iPhone
		{A75DA362-4F4F-4B8B-987E-9E6CB830A29F}.Debug|iPhoneSimulator.ActiveCfg = Debug|iPhoneSimulator
		{A75DA362-4F4F-4B8B-987E-9E6CB830A29F}.Debug|iPhoneSimulator.Build.0 = Debug|iPhoneSimulator
		{A75DA362-4F4F-4B8B-987E-9E6CB830A29F}.Debug|iPhoneSimulator.Deploy.0 = Debug|iPhoneSimulator
		{A75DA362-4F4F-4B8B-987E-9E6CB830A29F}.Release|Any CPU.ActiveCfg = Release|iPhone
		{A75DA362-4F4F-4B8B-987E-9E6CB830A29F}.Release|Any CPU.Build.0 = Release|iPhone
		{A75DA362-4F4F-4B8B-987E-9E6CB830A29F}.Release|Any CPU.Deploy.0 = Release|iPhone
		{A75DA362-4F4F-4B8B-987E-9E6CB830A29F}.Release|iPhone.ActiveCfg = Release|iPhone
		{A75DA362-4F4F-4B8B-987E-9E6CB830A29F}.Release|iPhone.Build.0 = Release|iPhone
		{A75DA362-4F4F-4B8B-987E-9E6CB830A29F}.Release|iPhone.Deploy.0 = Release|iPhone
		{A75DA362-4F4F-4B8B-987E-9E6CB830A29F}.Release|iPhoneSimulator.ActiveCfg = Release|iPhoneSimulator
		{A75DA362-4F4F-4B8B-987E-9E6CB830A29F}.Release|iPhoneSimulator.Build.0 = Release|iPhoneSimulator
		{A75DA362-4F4F-4B8B-987E-9E6CB830A29F}.Release|iPhoneSimulator.Deploy.0 = Release|iPhoneSimulator
		{5735BDA2-0FA5-4C3B-943D-A64DE49AFAF0}.Debug|Any CPU.ActiveCfg = Debug|Any CPU
		{5735BDA2-0FA5-4C3B-943D-A64DE49AFAF0}.Debug|Any CPU.Build.0 = Debug|Any CPU
		{5735BDA2-0FA5-4C3B-943D-A64DE49AFAF0}.Debug|Any CPU.Deploy.0 = Debug|Any CPU
		{5735BDA2-0FA5-4C3B-943D-A64DE49AFAF0}.Debug|iPhone.ActiveCfg = Debug|Any CPU
		{5735BDA2-0FA5-4C3B-943D-A64DE49AFAF0}.Debug|iPhone.Build.0 = Debug|Any CPU
		{5735BDA2-0FA5-4C3B-943D-A64DE49AFAF0}.Debug|iPhone.Deploy.0 = Debug|Any CPU
		{5735BDA2-0FA5-4C3B-943D-A64DE49AFAF0}.Debug|iPhoneSimulator.ActiveCfg = Debug|Any CPU
		{5735BDA2-0FA5-4C3B-943D-A64DE49AFAF0}.Debug|iPhoneSimulator.Build.0 = Debug|Any CPU
		{5735BDA2-0FA5-4C3B-943D-A64DE49AFAF0}.Debug|iPhoneSimulator.Deploy.0 = Debug|Any CPU
		{5735BDA2-0FA5-4C3B-943D-A64DE49AFAF0}.Release|Any CPU.ActiveCfg = Release|Any CPU
		{5735BDA2-0FA5-4C3B-943D-A64DE49AFAF0}.Release|Any CPU.Build.0 = Release|Any CPU
		{5735BDA2-0FA5-4C3B-943D-A64DE49AFAF0}.Release|Any CPU.Deploy.0 = Release|Any CPU
		{5735BDA2-0FA5-4C3B-943D-A64DE49AFAF0}.Release|iPhone.ActiveCfg = Release|Any CPU
		{5735BDA2-0FA5-4C3B-943D-A64DE49AFAF0}.Release|iPhone.Build.0 = Release|Any CPU
		{5735BDA2-0FA5-4C3B-943D-A64DE49AFAF0}.Release|iPhone.Deploy.0 = Release|Any CPU
		{5735BDA2-0FA5-4C3B-943D-A64DE49AFAF0}.Release|iPhoneSimulator.ActiveCfg = Release|Any CPU
		{5735BDA2-0FA5-4C3B-943D-A64DE49AFAF0}.Release|iPhoneSimulator.Build.0 = Release|Any CPU
		{5735BDA2-0FA5-4C3B-943D-A64DE49AFAF0}.Release|iPhoneSimulator.Deploy.0 = Release|Any CPU
	EndGlobalSection
	GlobalSection(SolutionProperties) = preSolution
		HideSolutionNode = FALSE
	EndGlobalSection
	GlobalSection(ExtensibilityGlobals) = postSolution
		SolutionGuid = {74E56BD9-4FA2-4A01-8D0F-30D19DE6A2B4}
	EndGlobalSection
EndGlobal
